// !$*UTF8*$!
{
	archiveVersion = 1;
	classes = {
	};
	objectVersion = 46;
	objects = {

/* Begin PBXBuildFile section */
		641234FF1DBCF8980057F5B8 /* main.m in Sources */ = {isa = PBXBuildFile; fileRef = 641234FE1DBCF8980057F5B8 /* main.m */; };
		641235021DBCF8980057F5B8 /* AppDelegate.m in Sources */ = {isa = PBXBuildFile; fileRef = 641235011DBCF8980057F5B8 /* AppDelegate.m */; };
		641235051DBCF8980057F5B8 /* ViewController.m in Sources */ = {isa = PBXBuildFile; fileRef = 641235041DBCF8980057F5B8 /* ViewController.m */; };
		641235081DBCF8980057F5B8 /* Main.storyboard in Resources */ = {isa = PBXBuildFile; fileRef = 641235061DBCF8980057F5B8 /* Main.storyboard */; };
		6412350A1DBCF8980057F5B8 /* Assets.xcassets in Resources */ = {isa = PBXBuildFile; fileRef = 641235091DBCF8980057F5B8 /* Assets.xcassets */; };
		6412350D1DBCF8980057F5B8 /* LaunchScreen.storyboard in Resources */ = {isa = PBXBuildFile; fileRef = 6412350B1DBCF8980057F5B8 /* LaunchScreen.storyboard */; };
		6412352D1DBCFD2B0057F5B8 /* DDMMenuView.m in Sources */ = {isa = PBXBuildFile; fileRef = 641235281DBCFD2B0057F5B8 /* DDMMenuView.m */; };
		6412352E1DBCFD2B0057F5B8 /* DDMViewController.m in Sources */ = {isa = PBXBuildFile; fileRef = 6412352B1DBCFD2B0057F5B8 /* DDMViewController.m */; };
		641235371DBD00700057F5B8 /* DDMCollectionViewCell.m in Sources */ = {isa = PBXBuildFile; fileRef = 641235361DBD00700057F5B8 /* DDMCollectionViewCell.m */; };
/* End PBXBuildFile section */

/* Begin PBXFileReference section */
		641234FA1DBCF8980057F5B8 /* dropDownMenu.app */ = {isa = PBXFileReference; explicitFileType = wrapper.application; includeInIndex = 0; path = dropDownMenu.app; sourceTree = BUILT_PRODUCTS_DIR; };
		641234FE1DBCF8980057F5B8 /* main.m */ = {isa = PBXFileReference; lastKnownFileType = sourcecode.c.objc; path = main.m; sourceTree = "<group>"; };
		641235001DBCF8980057F5B8 /* AppDelegate.h */ = {isa = PBXFileReference; lastKnownFileType = sourcecode.c.h; path = AppDelegate.h; sourceTree = "<group>"; };
		641235011DBCF8980057F5B8 /* AppDelegate.m */ = {isa = PBXFileReference; lastKnownFileType = sourcecode.c.objc; path = AppDelegate.m; sourceTree = "<group>"; };
		641235031DBCF8980057F5B8 /* ViewController.h */ = {isa = PBXFileReference; lastKnownFileType = sourcecode.c.h; path = ViewController.h; sourceTree = "<group>"; };
		641235041DBCF8980057F5B8 /* ViewController.m */ = {isa = PBXFileReference; lastKnownFileType = sourcecode.c.objc; path = ViewController.m; sourceTree = "<group>"; };
		641235071DBCF8980057F5B8 /* Base */ = {isa = PBXFileReference; lastKnownFileType = file.storyboard; name = Base; path = Base.lproj/Main.storyboard; sourceTree = "<group>"; };
		641235091DBCF8980057F5B8 /* Assets.xcassets */ = {isa = PBXFileReference; lastKnownFileType = folder.assetcatalog; path = Assets.xcassets; sourceTree = "<group>"; };
		6412350C1DBCF8980057F5B8 /* Base */ = {isa = PBXFileReference; lastKnownFileType = file.storyboard; name = Base; path = Base.lproj/LaunchScreen.storyboard; sourceTree = "<group>"; };
		6412350E1DBCF8980057F5B8 /* Info.plist */ = {isa = PBXFileReference; lastKnownFileType = text.plist.xml; path = Info.plist; sourceTree = "<group>"; };
		641235271DBCFD2B0057F5B8 /* DDMMenuView.h */ = {isa = PBXFileReference; fileEncoding = 4; lastKnownFileType = sourcecode.c.h; path = DDMMenuView.h; sourceTree = "<group>"; };
		641235281DBCFD2B0057F5B8 /* DDMMenuView.m */ = {isa = PBXFileReference; fileEncoding = 4; lastKnownFileType = sourcecode.c.objc; path = DDMMenuView.m; sourceTree = "<group>"; };
		6412352A1DBCFD2B0057F5B8 /* DDMViewController.h */ = {isa = PBXFileReference; fileEncoding = 4; lastKnownFileType = sourcecode.c.h; path = DDMViewController.h; sourceTree = "<group>"; };
		6412352B1DBCFD2B0057F5B8 /* DDMViewController.m */ = {isa = PBXFileReference; fileEncoding = 4; lastKnownFileType = sourcecode.c.objc; path = DDMViewController.m; sourceTree = "<group>"; };
		641235311DBCFD760057F5B8 /* UIConstants.h */ = {isa = PBXFileReference; fileEncoding = 4; lastKnownFileType = sourcecode.c.h; path = UIConstants.h; sourceTree = "<group>"; };
		641235351DBD00700057F5B8 /* DDMCollectionViewCell.h */ = {isa = PBXFileReference; fileEncoding = 4; lastKnownFileType = sourcecode.c.h; path = DDMCollectionViewCell.h; sourceTree = "<group>"; };
		641235361DBD00700057F5B8 /* DDMCollectionViewCell.m */ = {isa = PBXFileReference; fileEncoding = 4; lastKnownFileType = sourcecode.c.objc; path = DDMCollectionViewCell.m; sourceTree = "<group>"; };
/* End PBXFileReference section */

/* Begin PBXFrameworksBuildPhase section */
		641234F71DBCF8980057F5B8 /* Frameworks */ = {
			isa = PBXFrameworksBuildPhase;
			buildActionMask = 2147483647;
			files = (
			);
			runOnlyForDeploymentPostprocessing = 0;
		};
/* End PBXFrameworksBuildPhase section */

/* Begin PBXGroup section */
		641234F11DBCF8980057F5B8 = {
			isa = PBXGroup;
			children = (
				641234FC1DBCF8980057F5B8 /* dropDownMenu */,
				641234FB1DBCF8980057F5B8 /* Products */,
			);
			sourceTree = "<group>";
		};
		641234FB1DBCF8980057F5B8 /* Products */ = {
			isa = PBXGroup;
			children = (
				641234FA1DBCF8980057F5B8 /* dropDownMenu.app */,
			);
			name = Products;
			sourceTree = "<group>";
		};
		641234FC1DBCF8980057F5B8 /* dropDownMenu */ = {
			isa = PBXGroup;
			children = (
				641235301DBCFD560057F5B8 /* Category */,
				641235211DBCFD2B0057F5B8 /* Classes */,
				641235001DBCF8980057F5B8 /* AppDelegate.h */,
				641235011DBCF8980057F5B8 /* AppDelegate.m */,
				641235031DBCF8980057F5B8 /* ViewController.h */,
				641235041DBCF8980057F5B8 /* ViewController.m */,
				641235061DBCF8980057F5B8 /* Main.storyboard */,
				641235091DBCF8980057F5B8 /* Assets.xcassets */,
				6412350B1DBCF8980057F5B8 /* LaunchScreen.storyboard */,
				6412350E1DBCF8980057F5B8 /* Info.plist */,
				641234FD1DBCF8980057F5B8 /* Supporting Files */,
			);
			path = dropDownMenu;
			sourceTree = "<group>";
		};
		641234FD1DBCF8980057F5B8 /* Supporting Files */ = {
			isa = PBXGroup;
			children = (
				641234FE1DBCF8980057F5B8 /* main.m */,
			);
			name = "Supporting Files";
			sourceTree = "<group>";
		};
		641235211DBCFD2B0057F5B8 /* Classes */ = {
			isa = PBXGroup;
			children = (
				6412352F1DBCFD4B0057F5B8 /* Util */,
				641235221DBCFD2B0057F5B8 /* DropDownMenu */,
				6412352C1DBCFD2B0057F5B8 /* Util */,
			);
			path = Classes;
			sourceTree = "<group>";
		};
		641235221DBCFD2B0057F5B8 /* DropDownMenu */ = {
			isa = PBXGroup;
			children = (
				641235231DBCFD2B0057F5B8 /* Cell */,
				641235241DBCFD2B0057F5B8 /* Manager */,
				641235251DBCFD2B0057F5B8 /* Model */,
				641235261DBCFD2B0057F5B8 /* View */,
				641235291DBCFD2B0057F5B8 /* ViewController */,
			);
			path = DropDownMenu;
			sourceTree = "<group>";
		};
		641235231DBCFD2B0057F5B8 /* Cell */ = {
			isa = PBXGroup;
			children = (
				641235351DBD00700057F5B8 /* DDMCollectionViewCell.h */,
				641235361DBD00700057F5B8 /* DDMCollectionViewCell.m */,
			);
			path = Cell;
			sourceTree = "<group>";
		};
		641235241DBCFD2B0057F5B8 /* Manager */ = {
			isa = PBXGroup;
			children = (
			);
			path = Manager;
			sourceTree = "<group>";
		};
		641235251DBCFD2B0057F5B8 /* Model */ = {
			isa = PBXGroup;
			children = (
			);
			path = Model;
			sourceTree = "<group>";
		};
		641235261DBCFD2B0057F5B8 /* View */ = {
			isa = PBXGroup;
			children = (
				641235271DBCFD2B0057F5B8 /* DDMMenuView.h */,
				641235281DBCFD2B0057F5B8 /* DDMMenuView.m */,
			);
			path = View;
			sourceTree = "<group>";
		};
		641235291DBCFD2B0057F5B8 /* ViewController */ = {
			isa = PBXGroup;
			children = (
				6412352A1DBCFD2B0057F5B8 /* DDMViewController.h */,
				6412352B1DBCFD2B0057F5B8 /* DDMViewController.m */,
			);
			path = ViewController;
			sourceTree = "<group>";
		};
		6412352C1DBCFD2B0057F5B8 /* Util */ = {
			isa = PBXGroup;
			children = (
				641235311DBCFD760057F5B8 /* UIConstants.h */,
			);
			path = Util;
			sourceTree = "<group>";
		};
		6412352F1DBCFD4B0057F5B8 /* Util */ = {
			isa = PBXGroup;
			children = (
			);
			path = Util;
			sourceTree = "<group>";
		};
		641235301DBCFD560057F5B8 /* Category */ = {
			isa = PBXGroup;
			children = (
			);
			path = Category;
			sourceTree = "<group>";
		};
/* End PBXGroup section */

/* Begin PBXNativeTarget section */
		641234F91DBCF8980057F5B8 /* dropDownMenu */ = {
			isa = PBXNativeTarget;
			buildConfigurationList = 641235111DBCF8980057F5B8 /* Build configuration list for PBXNativeTarget "dropDownMenu" */;
			buildPhases = (
				641234F61DBCF8980057F5B8 /* Sources */,
				641234F71DBCF8980057F5B8 /* Frameworks */,
				641234F81DBCF8980057F5B8 /* Resources */,
			);
			buildRules = (
			);
			dependencies = (
			);
			name = dropDownMenu;
			productName = dropDownMenu;
			productReference = 641234FA1DBCF8980057F5B8 /* dropDownMenu.app */;
			productType = "com.apple.product-type.application";
		};
/* End PBXNativeTarget section */

/* Begin PBXProject section */
		641234F21DBCF8980057F5B8 /* Project object */ = {
			isa = PBXProject;
			attributes = {
				LastUpgradeCheck = 0800;
				ORGANIZATIONNAME = "Individual Developer";
				TargetAttributes = {
					641234F91DBCF8980057F5B8 = {
						CreatedOnToolsVersion = 8.0;
						DevelopmentTeam = L74ZNVNE3S;
						ProvisioningStyle = Automatic;
					};
				};
			};
			buildConfigurationList = 641234F51DBCF8980057F5B8 /* Build configuration list for PBXProject "dropDownMenu" */;
			compatibilityVersion = "Xcode 3.2";
			developmentRegion = English;
			hasScannedForEncodings = 0;
			knownRegions = (
				en,
				Base,
			);
			mainGroup = 641234F11DBCF8980057F5B8;
			productRefGroup = 641234FB1DBCF8980057F5B8 /* Products */;
			projectDirPath = "";
			projectRoot = "";
			targets = (
				641234F91DBCF8980057F5B8 /* dropDownMenu */,
			);
		};
/* End PBXProject section */

/* Begin PBXResourcesBuildPhase section */
		641234F81DBCF8980057F5B8 /* Resources */ = {
			isa = PBXResourcesBuildPhase;
			buildActionMask = 2147483647;
			files = (
				6412350D1DBCF8980057F5B8 /* LaunchScreen.storyboard in Resources */,
				6412350A1DBCF8980057F5B8 /* Assets.xcassets in Resources */,
				641235081DBCF8980057F5B8 /* Main.storyboard in Resources */,
			);
			runOnlyForDeploymentPostprocessing = 0;
		};
/* End PBXResourcesBuildPhase section */

/* Begin PBXSourcesBuildPhase section */
		641234F61DBCF8980057F5B8 /* Sources */ = {
			isa = PBXSourcesBuildPhase;
			buildActionMask = 2147483647;
			files = (
				641235051DBCF8980057F5B8 /* ViewController.m in Sources */,
				6412352E1DBCFD2B0057F5B8 /* DDMViewController.m in Sources */,
				641235371DBD00700057F5B8 /* DDMCollectionViewCell.m in Sources */,
				6412352D1DBCFD2B0057F5B8 /* DDMMenuView.m in Sources */,
				641235021DBCF8980057F5B8 /* AppDelegate.m in Sources */,
				641234FF1DBCF8980057F5B8 /* main.m in Sources */,
			);
			runOnlyForDeploymentPostprocessing = 0;
		};
/* End PBXSourcesBuildPhase section */

/* Begin PBXVariantGroup section */
		641235061DBCF8980057F5B8 /* Main.storyboard */ = {
			isa = PBXVariantGroup;
			children = (
				641235071DBCF8980057F5B8 /* Base */,
			);
			name = Main.storyboard;
			sourceTree = "<group>";
		};
		6412350B1DBCF8980057F5B8 /* LaunchScreen.storyboard */ = {
			isa = PBXVariantGroup;
			children = (
				6412350C1DBCF8980057F5B8 /* Base */,
			);
			name = LaunchScreen.storyboard;
			sourceTree = "<group>";
		};
/* End PBXVariantGroup section */

/* Begin XCBuildConfiguration section */
		6412350F1DBCF8980057F5B8 /* Debug */ = {
			isa = XCBuildConfiguration;
			buildSettings = {
				ALWAYS_SEARCH_USER_PATHS = NO;
				CLANG_ANALYZER_NONNULL = YES;
				CLANG_CXX_LANGUAGE_STANDARD = "gnu++0x";
				CLANG_CXX_LIBRARY = "libc++";
				CLANG_ENABLE_MODULES = YES;
				CLANG_ENABLE_OBJC_ARC = YES;
				CLANG_WARN_BOOL_CONVERSION = YES;
				CLANG_WARN_CONSTANT_CONVERSION = YES;
				CLANG_WARN_DIRECT_OBJC_ISA_USAGE = YES_ERROR;
				CLANG_WARN_DOCUMENTATION_COMMENTS = YES;
				CLANG_WARN_EMPTY_BODY = YES;
				CLANG_WARN_ENUM_CONVERSION = YES;
				CLANG_WARN_INFINITE_RECURSION = YES;
				CLANG_WARN_INT_CONVERSION = YES;
				CLANG_WARN_OBJC_ROOT_CLASS = YES_ERROR;
				CLANG_WARN_SUSPICIOUS_MOVES = YES;
				CLANG_WARN_UNREACHABLE_CODE = YES;
				CLANG_WARN__DUPLICATE_METHOD_MATCH = YES;
				"CODE_SIGN_IDENTITY[sdk=iphoneos*]" = "iPhone Developer";
				COPY_PHASE_STRIP = NO;
				DEBUG_INFORMATION_FORMAT = dwarf;
				ENABLE_STRICT_OBJC_MSGSEND = YES;
				ENABLE_TESTABILITY = YES;
				GCC_C_LANGUAGE_STANDARD = gnu99;
				GCC_DYNAMIC_NO_PIC = NO;
				GCC_NO_COMMON_BLOCKS = YES;
				GCC_OPTIMIZATION_LEVEL = 0;
				GCC_PREPROCESSOR_DEFINITIONS = (
					"DEBUG=1",
					"$(inherited)",
				);
				GCC_WARN_64_TO_32_BIT_CONVERSION = YES;
				GCC_WARN_ABOUT_RETURN_TYPE = YES_ERROR;
				GCC_WARN_UNDECLARED_SELECTOR = YES;
				GCC_WARN_UNINITIALIZED_AUTOS = YES_AGGRESSIVE;
				GCC_WARN_UNUSED_FUNCTION = YES;
				GCC_WARN_UNUSED_VARIABLE = YES;
				IPHONEOS_DEPLOYMENT_TARGET = 10.0;
				MTL_ENABLE_DEBUG_INFO = YES;
				ONLY_ACTIVE_ARCH = YES;
				SDKROOT = iphoneos;
				TARGETED_DEVICE_FAMILY = "1,2";
			};
			name = Debug;
		};
		641235101DBCF8980057F5B8 /* Release */ = {
			isa = XCBuildConfiguration;
			buildSettings = {
				ALWAYS_SEARCH_USER_PATHS = NO;
				CLANG_ANALYZER_NONNULL = YES;
				CLANG_CXX_LANGUAGE_STANDARD = "gnu++0x";
				CLANG_CXX_LIBRARY = "libc++";
				CLANG_ENABLE_MODULES = YES;
				CLANG_ENABLE_OBJC_ARC = YES;
				CLANG_WARN_BOOL_CONVERSION = YES;
				CLANG_WARN_CONSTANT_CONVERSION = YES;
				CLANG_WARN_DIRECT_OBJC_ISA_USAGE = YES_ERROR;
				CLANG_WARN_DOCUMENTATION_COMMENTS = YES;
				CLANG_WARN_EMPTY_BODY = YES;
				CLANG_WARN_ENUM_CONVERSION = YES;
				CLANG_WARN_INFINITE_RECURSION = YES;
				CLANG_WARN_INT_CONVERSION = YES;
				CLANG_WARN_OBJC_ROOT_CLASS = YES_ERROR;
				CLANG_WARN_SUSPICIOUS_MOVES = YES;
				CLANG_WARN_UNREACHABLE_CODE = YES;
				CLANG_WARN__DUPLICATE_METHOD_MATCH = YES;
				"CODE_SIGN_IDENTITY[sdk=iphoneos*]" = "iPhone Developer";
				COPY_PHASE_STRIP = NO;
				DEBUG_INFORMATION_FORMAT = "dwarf-with-dsym";
				ENABLE_NS_ASSERTIONS = NO;
				ENABLE_STRICT_OBJC_MSGSEND = YES;
				GCC_C_LANGUAGE_STANDARD = gnu99;
				GCC_NO_COMMON_BLOCKS = YES;
				GCC_WARN_64_TO_32_BIT_CONVERSION = YES;
				GCC_WARN_ABOUT_RETURN_TYPE = YES_ERROR;
				GCC_WARN_UNDECLARED_SELECTOR = YES;
				GCC_WARN_UNINITIALIZED_AUTOS = YES_AGGRESSIVE;
				GCC_WARN_UNUSED_FUNCTION = YES;
				GCC_WARN_UNUSED_VARIABLE = YES;
				IPHONEOS_DEPLOYMENT_TARGET = 10.0;
				MTL_ENABLE_DEBUG_INFO = NO;
				SDKROOT = iphoneos;
				TARGETED_DEVICE_FAMILY = "1,2";
				VALIDATE_PRODUCT = YES;
			};
			name = Release;
		};
		641235121DBCF8980057F5B8 /* Debug */ = {
			isa = XCBuildConfiguration;
			buildSettings = {
				ASSETCATALOG_COMPILER_APPICON_NAME = AppIcon;
				DEVELOPMENT_TEAM = L74ZNVNE3S;
				INFOPLIST_FILE = dropDownMenu/Info.plist;
				LD_RUNPATH_SEARCH_PATHS = "$(inherited) @executable_path/Frameworks";
				PRODUCT_BUNDLE_IDENTIFIER = com.dropDownMenu;
				PRODUCT_NAME = "$(TARGET_NAME)";
			};
			name = Debug;
		};
		641235131DBCF8980057F5B8 /* Release */ = {
			isa = XCBuildConfiguration;
			buildSettings = {
				ASSETCATALOG_COMPILER_APPICON_NAME = AppIcon;
				DEVELOPMENT_TEAM = L74ZNVNE3S;
				INFOPLIST_FILE = dropDownMenu/Info.plist;
				LD_RUNPATH_SEARCH_PATHS = "$(inherited) @executable_path/Frameworks";
				PRODUCT_BUNDLE_IDENTIFIER = com.dropDownMenu;
				PRODUCT_NAME = "$(TARGET_NAME)";
			};
			name = Release;
		};
/* End XCBuildConfiguration section */

/* Begin XCConfigurationList section */
		641234F51DBCF8980057F5B8 /* Build configuration list for PBXProject "dropDownMenu" */ = {
			isa = XCConfigurationList;
			buildConfigurations = (
				6412350F1DBCF8980057F5B8 /* Debug */,
				641235101DBCF8980057F5B8 /* Release */,
			);
			defaultConfigurationIsVisible = 0;
			defaultConfigurationName = Release;
		};
		641235111DBCF8980057F5B8 /* Build configuration list for PBXNativeTarget "dropDownMenu" */ = {
			isa = XCConfigurationList;
			buildConfigurations = (
				641235121DBCF8980057F5B8 /* Debug */,
				641235131DBCF8980057F5B8 /* Release */,
			);
			defaultConfigurationIsVisible = 0;
			defaultConfigurationName = Release;
		};
/* End XCConfigurationList section */
	};
	rootObject = 641234F21DBCF8980057F5B8 /* Project object */;
}
